
Microsoft Visual Studio Solution File, Format Version 12.00
# Visual Studio 15
VisualStudioVersion = 15.0.28307.1082
MinimumVisualStudioVersion = 10.0.40219.1
Project("{FAE04EC0-301F-11D3-BF4B-00C04F79EFBC}") = "6-7", "6-7\6-7.csproj", "{86952052-A3E3-450B-9D2B-ABAC203ECDA8}"
EndProject
Project("{FAE04EC0-301F-11D3-BF4B-00C04F79EFBC}") = "PP7_14(23)", "PP7_14(23)\PP7_14(23).csproj", "{2B1A3513-6682-41D5-B394-49F3D058B144}"
EndProject
Project("{FAE04EC0-301F-11D3-BF4B-00C04F79EFBC}") = "PP7_15 (24)", "PP7_15 (24)\PP7_15 (24).csproj", "{83F14D58-1582-429E-9155-B9453706C95B}"
EndProject
Project("{FAE04EC0-301F-11D3-BF4B-00C04F79EFBC}") = "PP7_16 (25)", "PP7_16 (25)\PP7_16 (25).csproj", "{C7C43609-1FE2-4254-B0D0-F01642BC17EB}"
EndProject
Project("{FAE04EC0-301F-11D3-BF4B-00C04F79EFBC}") = "PP7_17 (26)", "PP7_17 (26)\PP7_17 (26).csproj", "{DFFBCF6E-8544-4F43-B588-E229E4126663}"
EndProject
Project("{FAE04EC0-301F-11D3-BF4B-00C04F79EFBC}") = "PP7_18 (27)", "PP7_18 (27)\PP7_18 (27).csproj", "{22ECA760-C1BB-4F96-8B60-F6CE82653006}"
EndProject
Project("{FAE04EC0-301F-11D3-BF4B-00C04F79EFBC}") = "PP7_19 (28)", "PP7_19 (28)\PP7_19 (28).csproj", "{318D6130-B0B8-4B85-8402-9119B6F8C5BA}"
EndProject
Project("{FAE04EC0-301F-11D3-BF4B-00C04F79EFBC}") = "PP7_20 (29)", "PP7_20 (30)\PP7_20 (29).csproj", "{F1C27428-A20B-414F-8790-F4E606C17AA3}"
EndProject
Project("{FAE04EC0-301F-11D3-BF4B-00C04F79EFBC}") = "PP7_21 (30)", "PP7_21 (30)\PP7_21 (30).csproj", "{3478BB96-2CF6-4B6E-84FB-BCC472E3D115}"
EndProject
Project("{FAE04EC0-301F-11D3-BF4B-00C04F79EFBC}") = "PP7_22 (31)", "PP7_22 (31)\PP7_22 (31).csproj", "{B8C8F072-6BDA-4232-BE74-85BF80335598}"
EndProject
Project("{FAE04EC0-301F-11D3-BF4B-00C04F79EFBC}") = "PP7_23 (32)", "PP7_23 (32)\PP7_23 (32).csproj", "{7C32FBDA-27E4-4228-B597-35EAAC0ED768}"
EndProject
Project("{FAE04EC0-301F-11D3-BF4B-00C04F79EFBC}") = "PP7_2 (6)", "PP7_2\PP7_2\PP7_2 (6).csproj", "{7F17D98E-BF4C-4E3F-AB4D-B6AF5C02B192}"
EndProject
Project("{FAE04EC0-301F-11D3-BF4B-00C04F79EFBC}") = "PP7_3 (7)", "PP7_3\PP7_3\PP7_3 (7).csproj", "{112F8409-E1D6-43D6-9864-F872CEE423C3}"
EndProject
Project("{FAE04EC0-301F-11D3-BF4B-00C04F79EFBC}") = "PP7_4 (8)", "PP7_4\PP7_4\PP7_4 (8).csproj", "{73A88DA9-587A-45C9-8918-53D7A6630F0F}"
EndProject
Project("{FAE04EC0-301F-11D3-BF4B-00C04F79EFBC}") = "PP7_5 (9-10)", "PP7_5\PP7_5\PP7_5 (9-10).csproj", "{0EA0A578-7912-4BD8-9B2D-1D77834A13D6}"
EndProject
Project("{FAE04EC0-301F-11D3-BF4B-00C04F79EFBC}") = "PP7_6 (11)", "PP7_6\PP7_6\PP7_6 (11).csproj", "{926115FA-2DBA-431D-B80A-2C6357F79EDE}"
EndProject
Project("{FAE04EC0-301F-11D3-BF4B-00C04F79EFBC}") = "PP7_7 (12)", "PP7_7\PP7_7\PP7_7 (12).csproj", "{7073C11C-AFA8-45EB-9900-0E630ECF35A3}"
EndProject
Project("{FAE04EC0-301F-11D3-BF4B-00C04F79EFBC}") = "PP7_8 (13)", "PP7_8\PP7_8\PP7_8 (13).csproj", "{DC15EA6D-CBFB-4976-A07A-2E208B589DDC}"
EndProject
Project("{FAE04EC0-301F-11D3-BF4B-00C04F79EFBC}") = "PP7_9 (14-16)", "PP7_9\PP7_9\PP7_9 (14-16).csproj", "{79CB9E5C-3EA8-4811-930A-4742363EEC48}"
EndProject
Project("{FAE04EC0-301F-11D3-BF4B-00C04F79EFBC}") = "PP7_10 (17)", "PP7_10\PP7_10\PP7_10 (17).csproj", "{FDBB1C89-4B6A-44B5-94FD-D4ADE6095F2C}"
EndProject
Project("{FAE04EC0-301F-11D3-BF4B-00C04F79EFBC}") = "PP7_11 (18-20)", "PP7_11\PP7_11\PP7_11 (18-20).csproj", "{511F2FC0-C075-46DD-A68A-0F6562AC91CC}"
EndProject
Project("{FAE04EC0-301F-11D3-BF4B-00C04F79EFBC}") = "PP7_12 (21)", "PP7_12\PP7_12\PP7_12 (21).csproj", "{146E0970-0811-4885-8ABE-BC3C09B158F9}"
EndProject
Project("{FAE04EC0-301F-11D3-BF4B-00C04F79EFBC}") = "PP7_13 (22)", "PP7_13\PP7_13\PP7_13 (22).csproj", "{666EF209-F65C-414D-A5E2-5BE8152D4183}"
EndProject
Project("{FAE04EC0-301F-11D3-BF4B-00C04F79EFBC}") = "PP7_1 (1-5)", "PP7_1\PP7_1\PP7_1 (1-5).csproj", "{C1F47916-75E8-4AF6-958D-8222079A09A0}"
EndProject
Global
	GlobalSection(SolutionConfigurationPlatforms) = preSolution
		Debug|Any CPU = Debug|Any CPU
		Release|Any CPU = Release|Any CPU
	EndGlobalSection
	GlobalSection(ProjectConfigurationPlatforms) = postSolution
		{86952052-A3E3-450B-9D2B-ABAC203ECDA8}.Debug|Any CPU.ActiveCfg = Debug|Any CPU
		{86952052-A3E3-450B-9D2B-ABAC203ECDA8}.Debug|Any CPU.Build.0 = Debug|Any CPU
		{86952052-A3E3-450B-9D2B-ABAC203ECDA8}.Release|Any CPU.ActiveCfg = Release|Any CPU
		{86952052-A3E3-450B-9D2B-ABAC203ECDA8}.Release|Any CPU.Build.0 = Release|Any CPU
		{2B1A3513-6682-41D5-B394-49F3D058B144}.Debug|Any CPU.ActiveCfg = Debug|Any CPU
		{2B1A3513-6682-41D5-B394-49F3D058B144}.Debug|Any CPU.Build.0 = Debug|Any CPU
		{2B1A3513-6682-41D5-B394-49F3D058B144}.Release|Any CPU.ActiveCfg = Release|Any CPU
		{2B1A3513-6682-41D5-B394-49F3D058B144}.Release|Any CPU.Build.0 = Release|Any CPU
		{83F14D58-1582-429E-9155-B9453706C95B}.Debug|Any CPU.ActiveCfg = Debug|Any CPU
		{83F14D58-1582-429E-9155-B9453706C95B}.Debug|Any CPU.Build.0 = Debug|Any CPU
		{83F14D58-1582-429E-9155-B9453706C95B}.Release|Any CPU.ActiveCfg = Release|Any CPU
		{83F14D58-1582-429E-9155-B9453706C95B}.Release|Any CPU.Build.0 = Release|Any CPU
		{C7C43609-1FE2-4254-B0D0-F01642BC17EB}.Debug|Any CPU.ActiveCfg = Debug|Any CPU
		{C7C43609-1FE2-4254-B0D0-F01642BC17EB}.Debug|Any CPU.Build.0 = Debug|Any CPU
		{C7C43609-1FE2-4254-B0D0-F01642BC17EB}.Release|Any CPU.ActiveCfg = Release|Any CPU
		{C7C43609-1FE2-4254-B0D0-F01642BC17EB}.Release|Any CPU.Build.0 = Release|Any CPU
		{DFFBCF6E-8544-4F43-B588-E229E4126663}.Debug|Any CPU.ActiveCfg = Debug|Any CPU
		{DFFBCF6E-8544-4F43-B588-E229E4126663}.Debug|Any CPU.Build.0 = Debug|Any CPU
		{DFFBCF6E-8544-4F43-B588-E229E4126663}.Release|Any CPU.ActiveCfg = Release|Any CPU
		{DFFBCF6E-8544-4F43-B588-E229E4126663}.Release|Any CPU.Build.0 = Release|Any CPU
		{22ECA760-C1BB-4F96-8B60-F6CE82653006}.Debug|Any CPU.ActiveCfg = Debug|Any CPU
		{22ECA760-C1BB-4F96-8B60-F6CE82653006}.Debug|Any CPU.Build.0 = Debug|Any CPU
		{22ECA760-C1BB-4F96-8B60-F6CE82653006}.Release|Any CPU.ActiveCfg = Release|Any CPU
		{22ECA760-C1BB-4F96-8B60-F6CE82653006}.Release|Any CPU.Build.0 = Release|Any CPU
		{318D6130-B0B8-4B85-8402-9119B6F8C5BA}.Debug|Any CPU.ActiveCfg = Debug|Any CPU
		{318D6130-B0B8-4B85-8402-9119B6F8C5BA}.Debug|Any CPU.Build.0 = Debug|Any CPU
		{318D6130-B0B8-4B85-8402-9119B6F8C5BA}.Release|Any CPU.ActiveCfg = Release|Any CPU
		{318D6130-B0B8-4B85-8402-9119B6F8C5BA}.Release|Any CPU.Build.0 = Release|Any CPU
		{F1C27428-A20B-414F-8790-F4E606C17AA3}.Debug|Any CPU.ActiveCfg = Debug|Any CPU
		{F1C27428-A20B-414F-8790-F4E606C17AA3}.Debug|Any CPU.Build.0 = Debug|Any CPU
		{F1C27428-A20B-414F-8790-F4E606C17AA3}.Release|Any CPU.ActiveCfg = Release|Any CPU
		{F1C27428-A20B-414F-8790-F4E606C17AA3}.Release|Any CPU.Build.0 = Release|Any CPU
		{3478BB96-2CF6-4B6E-84FB-BCC472E3D115}.Debug|Any CPU.ActiveCfg = Debug|Any CPU
		{3478BB96-2CF6-4B6E-84FB-BCC472E3D115}.Debug|Any CPU.Build.0 = Debug|Any CPU
		{3478BB96-2CF6-4B6E-84FB-BCC472E3D115}.Release|Any CPU.ActiveCfg = Release|Any CPU
		{3478BB96-2CF6-4B6E-84FB-BCC472E3D115}.Release|Any CPU.Build.0 = Release|Any CPU
		{B8C8F072-6BDA-4232-BE74-85BF80335598}.Debug|Any CPU.ActiveCfg = Debug|Any CPU
		{B8C8F072-6BDA-4232-BE74-85BF80335598}.Debug|Any CPU.Build.0 = Debug|Any CPU
		{B8C8F072-6BDA-4232-BE74-85BF80335598}.Release|Any CPU.ActiveCfg = Release|Any CPU
		{B8C8F072-6BDA-4232-BE74-85BF80335598}.Release|Any CPU.Build.0 = Release|Any CPU
		{7C32FBDA-27E4-4228-B597-35EAAC0ED768}.Debug|Any CPU.ActiveCfg = Debug|Any CPU
		{7C32FBDA-27E4-4228-B597-35EAAC0ED768}.Debug|Any CPU.Build.0 = Debug|Any CPU
		{7C32FBDA-27E4-4228-B597-35EAAC0ED768}.Release|Any CPU.ActiveCfg = Release|Any CPU
		{7C32FBDA-27E4-4228-B597-35EAAC0ED768}.Release|Any CPU.Build.0 = Release|Any CPU
		{7F17D98E-BF4C-4E3F-AB4D-B6AF5C02B192}.Debug|Any CPU.ActiveCfg = Debug|Any CPU
		{7F17D98E-BF4C-4E3F-AB4D-B6AF5C02B192}.Debug|Any CPU.Build.0 = Debug|Any CPU
		{7F17D98E-BF4C-4E3F-AB4D-B6AF5C02B192}.Release|Any CPU.ActiveCfg = Release|Any CPU
		{7F17D98E-BF4C-4E3F-AB4D-B6AF5C02B192}.Release|Any CPU.Build.0 = Release|Any CPU
		{112F8409-E1D6-43D6-9864-F872CEE423C3}.Debug|Any CPU.ActiveCfg = Debug|Any CPU
		{112F8409-E1D6-43D6-9864-F872CEE423C3}.Debug|Any CPU.Build.0 = Debug|Any CPU
		{112F8409-E1D6-43D6-9864-F872CEE423C3}.Release|Any CPU.ActiveCfg = Release|Any CPU
		{112F8409-E1D6-43D6-9864-F872CEE423C3}.Release|Any CPU.Build.0 = Release|Any CPU
		{73A88DA9-587A-45C9-8918-53D7A6630F0F}.Debug|Any CPU.ActiveCfg = Debug|Any CPU
		{73A88DA9-587A-45C9-8918-53D7A6630F0F}.Debug|Any CPU.Build.0 = Debug|Any CPU
		{73A88DA9-587A-45C9-8918-53D7A6630F0F}.Release|Any CPU.ActiveCfg = Release|Any CPU
		{73A88DA9-587A-45C9-8918-53D7A6630F0F}.Release|Any CPU.Build.0 = Release|Any CPU
		{0EA0A578-7912-4BD8-9B2D-1D77834A13D6}.Debug|Any CPU.ActiveCfg = Debug|Any CPU
		{0EA0A578-7912-4BD8-9B2D-1D77834A13D6}.Debug|Any CPU.Build.0 = Debug|Any CPU
		{0EA0A578-7912-4BD8-9B2D-1D77834A13D6}.Release|Any CPU.ActiveCfg = Release|Any CPU
		{0EA0A578-7912-4BD8-9B2D-1D77834A13D6}.Release|Any CPU.Build.0 = Release|Any CPU
		{926115FA-2DBA-431D-B80A-2C6357F79EDE}.Debug|Any CPU.ActiveCfg = Debug|Any CPU
		{926115FA-2DBA-431D-B80A-2C6357F79EDE}.Debug|Any CPU.Build.0 = Debug|Any CPU
		{926115FA-2DBA-431D-B80A-2C6357F79EDE}.Release|Any CPU.ActiveCfg = Release|Any CPU
		{926115FA-2DBA-431D-B80A-2C6357F79EDE}.Release|Any CPU.Build.0 = Release|Any CPU
		{7073C11C-AFA8-45EB-9900-0E630ECF35A3}.Debug|Any CPU.ActiveCfg = Debug|Any CPU
		{7073C11C-AFA8-45EB-9900-0E630ECF35A3}.Debug|Any CPU.Build.0 = Debug|Any CPU
		{7073C11C-AFA8-45EB-9900-0E630ECF35A3}.Release|Any CPU.ActiveCfg = Release|Any CPU
		{7073C11C-AFA8-45EB-9900-0E630ECF35A3}.Release|Any CPU.Build.0 = Release|Any CPU
		{DC15EA6D-CBFB-4976-A07A-2E208B589DDC}.Debug|Any CPU.ActiveCfg = Debug|Any CPU
		{DC15EA6D-CBFB-4976-A07A-2E208B589DDC}.Debug|Any CPU.Build.0 = Debug|Any CPU
		{DC15EA6D-CBFB-4976-A07A-2E208B589DDC}.Release|Any CPU.ActiveCfg = Release|Any CPU
		{DC15EA6D-CBFB-4976-A07A-2E208B589DDC}.Release|Any CPU.Build.0 = Release|Any CPU
		{79CB9E5C-3EA8-4811-930A-4742363EEC48}.Debug|Any CPU.ActiveCfg = Debug|Any CPU
		{79CB9E5C-3EA8-4811-930A-4742363EEC48}.Debug|Any CPU.Build.0 = Debug|Any CPU
		{79CB9E5C-3EA8-4811-930A-4742363EEC48}.Release|Any CPU.ActiveCfg = Release|Any CPU
		{79CB9E5C-3EA8-4811-930A-4742363EEC48}.Release|Any CPU.Build.0 = Release|Any CPU
		{FDBB1C89-4B6A-44B5-94FD-D4ADE6095F2C}.Debug|Any CPU.ActiveCfg = Debug|Any CPU
		{FDBB1C89-4B6A-44B5-94FD-D4ADE6095F2C}.Debug|Any CPU.Build.0 = Debug|Any CPU
		{FDBB1C89-4B6A-44B5-94FD-D4ADE6095F2C}.Release|Any CPU.ActiveCfg = Release|Any CPU
		{FDBB1C89-4B6A-44B5-94FD-D4ADE6095F2C}.Release|Any CPU.Build.0 = Release|Any CPU
		{511F2FC0-C075-46DD-A68A-0F6562AC91CC}.Debug|Any CPU.ActiveCfg = Debug|Any CPU
		{511F2FC0-C075-46DD-A68A-0F6562AC91CC}.Debug|Any CPU.Build.0 = Debug|Any CPU
		{511F2FC0-C075-46DD-A68A-0F6562AC91CC}.Release|Any CPU.ActiveCfg = Release|Any CPU
		{511F2FC0-C075-46DD-A68A-0F6562AC91CC}.Release|Any CPU.Build.0 = Release|Any CPU
		{146E0970-0811-4885-8ABE-BC3C09B158F9}.Debug|Any CPU.ActiveCfg = Debug|Any CPU
		{146E0970-0811-4885-8ABE-BC3C09B158F9}.Debug|Any CPU.Build.0 = Debug|Any CPU
		{146E0970-0811-4885-8ABE-BC3C09B158F9}.Release|Any CPU.ActiveCfg = Release|Any CPU
		{146E0970-0811-4885-8ABE-BC3C09B158F9}.Release|Any CPU.Build.0 = Release|Any CPU
		{666EF209-F65C-414D-A5E2-5BE8152D4183}.Debug|Any CPU.ActiveCfg = Debug|Any CPU
		{666EF209-F65C-414D-A5E2-5BE8152D4183}.Debug|Any CPU.Build.0 = Debug|Any CPU
		{666EF209-F65C-414D-A5E2-5BE8152D4183}.Release|Any CPU.ActiveCfg = Release|Any CPU
		{666EF209-F65C-414D-A5E2-5BE8152D4183}.Release|Any CPU.Build.0 = Release|Any CPU
		{C1F47916-75E8-4AF6-958D-8222079A09A0}.Debug|Any CPU.ActiveCfg = Debug|Any CPU
		{C1F47916-75E8-4AF6-958D-8222079A09A0}.Debug|Any CPU.Build.0 = Debug|Any CPU
		{C1F47916-75E8-4AF6-958D-8222079A09A0}.Release|Any CPU.ActiveCfg = Release|Any CPU
		{C1F47916-75E8-4AF6-958D-8222079A09A0}.Release|Any CPU.Build.0 = Release|Any CPU
	EndGlobalSection
	GlobalSection(SolutionProperties) = preSolution
		HideSolutionNode = FALSE
	EndGlobalSection
	GlobalSection(ExtensibilityGlobals) = postSolution
		SolutionGuid = {3445E9F6-732D-42AB-9C52-34EF4DD1CBA2}
	EndGlobalSection
EndGlobal
