
Microsoft Visual Studio Solution File, Format Version 12.00
# Visual Studio 15
VisualStudioVersion = 15.0.28307.1082
MinimumVisualStudioVersion = 10.0.40219.1
Project("{FAE04EC0-301F-11D3-BF4B-00C04F79EFBC}") = "PP7_3", "PP7_3\PP7_3.csproj", "{112F8409-E1D6-43D6-9864-F872CEE423C3}"
EndProject
Global
	GlobalSection(SolutionConfigurationPlatforms) = preSolution
		Debug|Any CPU = Debug|Any CPU
		Release|Any CPU = Release|Any CPU
	EndGlobalSection
	GlobalSection(ProjectConfigurationPlatforms) = postSolution
		{112F8409-E1D6-43D6-9864-F872CEE423C3}.Debug|Any CPU.ActiveCfg = Debug|Any CPU
		{112F8409-E1D6-43D6-9864-F872CEE423C3}.Debug|Any CPU.Build.0 = Debug|Any CPU
		{112F8409-E1D6-43D6-9864-F872CEE423C3}.Release|Any CPU.ActiveCfg = Release|Any CPU
		{112F8409-E1D6-43D6-9864-F872CEE423C3}.Release|Any CPU.Build.0 = Release|Any CPU
	EndGlobalSection
	GlobalSection(SolutionProperties) = preSolution
		HideSolutionNode = FALSE
	EndGlobalSection
	GlobalSection(ExtensibilityGlobals) = postSolution
		SolutionGuid = {FA3533D0-FC74-4086-AF11-375142AAC511}
	EndGlobalSection
EndGlobal
