
Microsoft Visual Studio Solution File, Format Version 12.00
# Visual Studio 15
VisualStudioVersion = 15.0.28307.1082
MinimumVisualStudioVersion = 10.0.40219.1
Project("{FAE04EC0-301F-11D3-BF4B-00C04F79EFBC}") = "PP7_7", "PP7_7\PP7_7.csproj", "{7073C11C-AFA8-45EB-9900-0E630ECF35A3}"
EndProject
Global
	GlobalSection(SolutionConfigurationPlatforms) = preSolution
		Debug|Any CPU = Debug|Any CPU
		Release|Any CPU = Release|Any CPU
	EndGlobalSection
	GlobalSection(ProjectConfigurationPlatforms) = postSolution
		{7073C11C-AFA8-45EB-9900-0E630ECF35A3}.Debug|Any CPU.ActiveCfg = Debug|Any CPU
		{7073C11C-AFA8-45EB-9900-0E630ECF35A3}.Debug|Any CPU.Build.0 = Debug|Any CPU
		{7073C11C-AFA8-45EB-9900-0E630ECF35A3}.Release|Any CPU.ActiveCfg = Release|Any CPU
		{7073C11C-AFA8-45EB-9900-0E630ECF35A3}.Release|Any CPU.Build.0 = Release|Any CPU
	EndGlobalSection
	GlobalSection(SolutionProperties) = preSolution
		HideSolutionNode = FALSE
	EndGlobalSection
	GlobalSection(ExtensibilityGlobals) = postSolution
		SolutionGuid = {AF58C71F-2E4D-4A33-A728-C6A376F74374}
	EndGlobalSection
EndGlobal
