
Microsoft Visual Studio Solution File, Format Version 12.00
# Visual Studio 15
VisualStudioVersion = 15.0.28307.1082
MinimumVisualStudioVersion = 10.0.40219.1
Project("{FAE04EC0-301F-11D3-BF4B-00C04F79EFBC}") = "PP7_1", "PP7_1\PP7_1.csproj", "{C1F47916-75E8-4AF6-958D-8222079A09A0}"
EndProject
Global
	GlobalSection(SolutionConfigurationPlatforms) = preSolution
		Debug|Any CPU = Debug|Any CPU
		Release|Any CPU = Release|Any CPU
	EndGlobalSection
	GlobalSection(ProjectConfigurationPlatforms) = postSolution
		{C1F47916-75E8-4AF6-958D-8222079A09A0}.Debug|Any CPU.ActiveCfg = Debug|Any CPU
		{C1F47916-75E8-4AF6-958D-8222079A09A0}.Debug|Any CPU.Build.0 = Debug|Any CPU
		{C1F47916-75E8-4AF6-958D-8222079A09A0}.Release|Any CPU.ActiveCfg = Release|Any CPU
		{C1F47916-75E8-4AF6-958D-8222079A09A0}.Release|Any CPU.Build.0 = Release|Any CPU
	EndGlobalSection
	GlobalSection(SolutionProperties) = preSolution
		HideSolutionNode = FALSE
	EndGlobalSection
	GlobalSection(ExtensibilityGlobals) = postSolution
		SolutionGuid = {90C9D089-B226-43B8-968D-4A32A141C03E}
	EndGlobalSection
EndGlobal
