
Microsoft Visual Studio Solution File, Format Version 12.00
# Visual Studio 15
VisualStudioVersion = 15.0.28307.1082
MinimumVisualStudioVersion = 10.0.40219.1
Project("{FAE04EC0-301F-11D3-BF4B-00C04F79EFBC}") = "PP7_10", "PP7_10\PP7_10.csproj", "{FDBB1C89-4B6A-44B5-94FD-D4ADE6095F2C}"
EndProject
Global
	GlobalSection(SolutionConfigurationPlatforms) = preSolution
		Debug|Any CPU = Debug|Any CPU
		Release|Any CPU = Release|Any CPU
	EndGlobalSection
	GlobalSection(ProjectConfigurationPlatforms) = postSolution
		{FDBB1C89-4B6A-44B5-94FD-D4ADE6095F2C}.Debug|Any CPU.ActiveCfg = Debug|Any CPU
		{FDBB1C89-4B6A-44B5-94FD-D4ADE6095F2C}.Debug|Any CPU.Build.0 = Debug|Any CPU
		{FDBB1C89-4B6A-44B5-94FD-D4ADE6095F2C}.Release|Any CPU.ActiveCfg = Release|Any CPU
		{FDBB1C89-4B6A-44B5-94FD-D4ADE6095F2C}.Release|Any CPU.Build.0 = Release|Any CPU
	EndGlobalSection
	GlobalSection(SolutionProperties) = preSolution
		HideSolutionNode = FALSE
	EndGlobalSection
	GlobalSection(ExtensibilityGlobals) = postSolution
		SolutionGuid = {FCADD4C6-D700-41DB-8232-7C31AED74932}
	EndGlobalSection
EndGlobal
